
Microsoft Visual Studio Solution File, Format Version 12.00
# Visual Studio Version 16
VisualStudioVersion = 16.0.31702.126
MinimumVisualStudioVersion = 10.0.40219.1
Project("{9A19103F-16F7-4668-BE54-9A1E7A4F7556}") = "08.04.2022", "08.04.2022\08.04.2022.csproj", "{61332C07-1FEF-42B7-BAEC-895329BBE2EE}"
EndProject
Project("{FAE04EC0-301F-11D3-BF4B-00C04F79EFBC}") = "something", "something\something.csproj", "{A035CE42-53A5-4FAC-8393-A94AF52F8480}"
EndProject
Global
	GlobalSection(SolutionConfigurationPlatforms) = preSolution
		Debug|Any CPU = Debug|Any CPU
		Release|Any CPU = Release|Any CPU
	EndGlobalSection
	GlobalSection(ProjectConfigurationPlatforms) = postSolution
		{61332C07-1FEF-42B7-BAEC-895329BBE2EE}.Debug|Any CPU.ActiveCfg = Debug|Any CPU
		{61332C07-1FEF-42B7-BAEC-895329BBE2EE}.Debug|Any CPU.Build.0 = Debug|Any CPU
		{61332C07-1FEF-42B7-BAEC-895329BBE2EE}.Release|Any CPU.ActiveCfg = Release|Any CPU
		{61332C07-1FEF-42B7-BAEC-895329BBE2EE}.Release|Any CPU.Build.0 = Release|Any CPU
		{A035CE42-53A5-4FAC-8393-A94AF52F8480}.Debug|Any CPU.ActiveCfg = Debug|Any CPU
		{A035CE42-53A5-4FAC-8393-A94AF52F8480}.Debug|Any CPU.Build.0 = Debug|Any CPU
		{A035CE42-53A5-4FAC-8393-A94AF52F8480}.Release|Any CPU.ActiveCfg = Release|Any CPU
		{A035CE42-53A5-4FAC-8393-A94AF52F8480}.Release|Any CPU.Build.0 = Release|Any CPU
	EndGlobalSection
	GlobalSection(SolutionProperties) = preSolution
		HideSolutionNode = FALSE
	EndGlobalSection
	GlobalSection(ExtensibilityGlobals) = postSolution
		SolutionGuid = {AB6CC446-2BD4-4D6F-B6E5-E7C40C4ADA8A}
	EndGlobalSection
EndGlobal
