
Microsoft Visual Studio Solution File, Format Version 12.00
# Visual Studio Version 16
VisualStudioVersion = 16.0.31702.126
MinimumVisualStudioVersion = 10.0.40219.1
Project("{9A19103F-16F7-4668-BE54-9A1E7A4F7556}") = "kurs_programowania_26.03.22", "kurs_programowania_26.03.22\kurs_programowania_26.03.22.csproj", "{EAD226B6-626F-4DC6-B1B2-0E99234E37E7}"
EndProject
Project("{FAE04EC0-301F-11D3-BF4B-00C04F79EFBC}") = "Zadanie_26.03", "Zadanie_26.03\Zadanie_26.03.csproj", "{D2D2D79A-EA0A-4521-AB3D-793CEF957C9E}"
EndProject
Global
	GlobalSection(SolutionConfigurationPlatforms) = preSolution
		Debug|Any CPU = Debug|Any CPU
		Release|Any CPU = Release|Any CPU
	EndGlobalSection
	GlobalSection(ProjectConfigurationPlatforms) = postSolution
		{EAD226B6-626F-4DC6-B1B2-0E99234E37E7}.Debug|Any CPU.ActiveCfg = Debug|Any CPU
		{EAD226B6-626F-4DC6-B1B2-0E99234E37E7}.Debug|Any CPU.Build.0 = Debug|Any CPU
		{EAD226B6-626F-4DC6-B1B2-0E99234E37E7}.Release|Any CPU.ActiveCfg = Release|Any CPU
		{EAD226B6-626F-4DC6-B1B2-0E99234E37E7}.Release|Any CPU.Build.0 = Release|Any CPU
		{D2D2D79A-EA0A-4521-AB3D-793CEF957C9E}.Debug|Any CPU.ActiveCfg = Debug|Any CPU
		{D2D2D79A-EA0A-4521-AB3D-793CEF957C9E}.Debug|Any CPU.Build.0 = Debug|Any CPU
		{D2D2D79A-EA0A-4521-AB3D-793CEF957C9E}.Release|Any CPU.ActiveCfg = Release|Any CPU
		{D2D2D79A-EA0A-4521-AB3D-793CEF957C9E}.Release|Any CPU.Build.0 = Release|Any CPU
	EndGlobalSection
	GlobalSection(SolutionProperties) = preSolution
		HideSolutionNode = FALSE
	EndGlobalSection
	GlobalSection(ExtensibilityGlobals) = postSolution
		SolutionGuid = {108210D4-EED8-4A26-B08C-3A6A5F49A80E}
	EndGlobalSection
EndGlobal
